{
  "name": "ng2-weather-icons",
  "version": "0.2.0",
  "lockfileVersion": 1,
  "requires": true,
  "dependencies": {
    "lodash.findkey": {
      "version": "4.6.0",
      "resolved": "https://registry.npmjs.org/lodash.findkey/-/lodash.findkey-4.6.0.tgz",
      "integrity": "sha1-gwWOkDtRy7dZ0JzPVG3qPqOcRxg="
    },
    "weathericons": {
      "version": "2.1.0",
      "resolved": "https://registry.npmjs.org/weathericons/-/weathericons-2.1.0.tgz",
      "integrity": "sha1-dFOho14gAkXjiftQd9Un7/MLc7Q="
    }
  }
}
