# THIS IS AN AUTOGENERATED FILE. DO NOT EDIT THIS FILE DIRECTLY.
# yarn lockfile v1


"@types/lodash@^4.14.106":
  version "4.14.106"
  resolved "https://registry.yarnpkg.com/@types/lodash/-/lodash-4.14.106.tgz#6093e9a02aa567ddecfe9afadca89e53e5dce4dd"

weathericons@^2.1.0:
  version "2.1.0"
  resolved "https://registry.yarnpkg.com/weathericons/-/weathericons-2.1.0.tgz#7453a1a35e200245e389fb5077d527eff30b73b4"
